
Microsoft Visual Studio Solution File, Format Version 12.00
# Visual Studio 15
VisualStudioVersion = 15.0.28307.645
MinimumVisualStudioVersion = 10.0.40219.1
Project("{FAE04EC0-301F-11D3-BF4B-00C04F79EFBC}") = "FinalExercise", "FinalExercise\FinalExercise.csproj", "{FA9B9331-2A75-46F4-804B-548BE56D913A}"
EndProject
Global
	GlobalSection(SolutionConfigurationPlatforms) = preSolution
		Debug|Any CPU = Debug|Any CPU
		Release|Any CPU = Release|Any CPU
	EndGlobalSection
	GlobalSection(ProjectConfigurationPlatforms) = postSolution
		{FA9B9331-2A75-46F4-804B-548BE56D913A}.Debug|Any CPU.ActiveCfg = Debug|Any CPU
		{FA9B9331-2A75-46F4-804B-548BE56D913A}.Debug|Any CPU.Build.0 = Debug|Any CPU
		{FA9B9331-2A75-46F4-804B-548BE56D913A}.Release|Any CPU.ActiveCfg = Release|Any CPU
		{FA9B9331-2A75-46F4-804B-548BE56D913A}.Release|Any CPU.Build.0 = Release|Any CPU
	EndGlobalSection
	GlobalSection(SolutionProperties) = preSolution
		HideSolutionNode = FALSE
	EndGlobalSection
	GlobalSection(ExtensibilityGlobals) = postSolution
		SolutionGuid = {611DD8E9-9488-43CC-A32F-5E050D821FAF}
	EndGlobalSection
EndGlobal
