
Microsoft Visual Studio Solution File, Format Version 12.00
# Visual Studio 15
VisualStudioVersion = 15.0.28307.572
MinimumVisualStudioVersion = 10.0.40219.1
Project("{FAE04EC0-301F-11D3-BF4B-00C04F79EFBC}") = "Drill5", "Drill5\Drill5.csproj", "{BE44D093-2DF4-42FA-8460-39B6E314E8A1}"
EndProject
Global
	GlobalSection(SolutionConfigurationPlatforms) = preSolution
		Debug|Any CPU = Debug|Any CPU
		Release|Any CPU = Release|Any CPU
	EndGlobalSection
	GlobalSection(ProjectConfigurationPlatforms) = postSolution
		{BE44D093-2DF4-42FA-8460-39B6E314E8A1}.Debug|Any CPU.ActiveCfg = Debug|Any CPU
		{BE44D093-2DF4-42FA-8460-39B6E314E8A1}.Debug|Any CPU.Build.0 = Debug|Any CPU
		{BE44D093-2DF4-42FA-8460-39B6E314E8A1}.Release|Any CPU.ActiveCfg = Release|Any CPU
		{BE44D093-2DF4-42FA-8460-39B6E314E8A1}.Release|Any CPU.Build.0 = Release|Any CPU
	EndGlobalSection
	GlobalSection(SolutionProperties) = preSolution
		HideSolutionNode = FALSE
	EndGlobalSection
	GlobalSection(ExtensibilityGlobals) = postSolution
		SolutionGuid = {80F80BB1-1406-4815-8EC4-43F4DF0EAEE1}
	EndGlobalSection
EndGlobal
