
Microsoft Visual Studio Solution File, Format Version 12.00
# Visual Studio 15
VisualStudioVersion = 15.0.28307.572
MinimumVisualStudioVersion = 10.0.40219.1
Project("{FAE04EC0-301F-11D3-BF4B-00C04F79EFBC}") = "Drill27_constVar", "Drill27_constVar\Drill27_constVar.csproj", "{3CFD93A1-CB68-48FD-A66F-396966188800}"
EndProject
Global
	GlobalSection(SolutionConfigurationPlatforms) = preSolution
		Debug|Any CPU = Debug|Any CPU
		Release|Any CPU = Release|Any CPU
	EndGlobalSection
	GlobalSection(ProjectConfigurationPlatforms) = postSolution
		{3CFD93A1-CB68-48FD-A66F-396966188800}.Debug|Any CPU.ActiveCfg = Debug|Any CPU
		{3CFD93A1-CB68-48FD-A66F-396966188800}.Debug|Any CPU.Build.0 = Debug|Any CPU
		{3CFD93A1-CB68-48FD-A66F-396966188800}.Release|Any CPU.ActiveCfg = Release|Any CPU
		{3CFD93A1-CB68-48FD-A66F-396966188800}.Release|Any CPU.Build.0 = Release|Any CPU
	EndGlobalSection
	GlobalSection(SolutionProperties) = preSolution
		HideSolutionNode = FALSE
	EndGlobalSection
	GlobalSection(ExtensibilityGlobals) = postSolution
		SolutionGuid = {FC8E7A60-56C9-42D6-8C4D-B7ED170A912A}
	EndGlobalSection
EndGlobal
