
Microsoft Visual Studio Solution File, Format Version 12.00
# Visual Studio 15
VisualStudioVersion = 15.0.28307.572
MinimumVisualStudioVersion = 10.0.40219.1
Project("{FAE04EC0-301F-11D3-BF4B-00C04F79EFBC}") = "Drill9_ArraysAndLists", "Drill9_ArraysAndLists\Drill9_ArraysAndLists.csproj", "{C05A9187-CF1D-401D-A5B4-9CD34D975B68}"
EndProject
Global
	GlobalSection(SolutionConfigurationPlatforms) = preSolution
		Debug|Any CPU = Debug|Any CPU
		Release|Any CPU = Release|Any CPU
	EndGlobalSection
	GlobalSection(ProjectConfigurationPlatforms) = postSolution
		{C05A9187-CF1D-401D-A5B4-9CD34D975B68}.Debug|Any CPU.ActiveCfg = Debug|Any CPU
		{C05A9187-CF1D-401D-A5B4-9CD34D975B68}.Debug|Any CPU.Build.0 = Debug|Any CPU
		{C05A9187-CF1D-401D-A5B4-9CD34D975B68}.Release|Any CPU.ActiveCfg = Release|Any CPU
		{C05A9187-CF1D-401D-A5B4-9CD34D975B68}.Release|Any CPU.Build.0 = Release|Any CPU
	EndGlobalSection
	GlobalSection(SolutionProperties) = preSolution
		HideSolutionNode = FALSE
	EndGlobalSection
	GlobalSection(ExtensibilityGlobals) = postSolution
		SolutionGuid = {015DF473-445D-4027-88F1-FE334BD65DC5}
	EndGlobalSection
EndGlobal
