
Microsoft Visual Studio Solution File, Format Version 12.00
# Visual Studio 15
VisualStudioVersion = 15.0.28307.572
MinimumVisualStudioVersion = 10.0.40219.1
Project("{FAE04EC0-301F-11D3-BF4B-00C04F79EFBC}") = "Drill25_fileIO", "Drill25_fileIO\Drill25_fileIO.csproj", "{DC9304D1-0C30-465A-9CFB-91377F1981E6}"
EndProject
Global
	GlobalSection(SolutionConfigurationPlatforms) = preSolution
		Debug|Any CPU = Debug|Any CPU
		Release|Any CPU = Release|Any CPU
	EndGlobalSection
	GlobalSection(ProjectConfigurationPlatforms) = postSolution
		{DC9304D1-0C30-465A-9CFB-91377F1981E6}.Debug|Any CPU.ActiveCfg = Debug|Any CPU
		{DC9304D1-0C30-465A-9CFB-91377F1981E6}.Debug|Any CPU.Build.0 = Debug|Any CPU
		{DC9304D1-0C30-465A-9CFB-91377F1981E6}.Release|Any CPU.ActiveCfg = Release|Any CPU
		{DC9304D1-0C30-465A-9CFB-91377F1981E6}.Release|Any CPU.Build.0 = Release|Any CPU
	EndGlobalSection
	GlobalSection(SolutionProperties) = preSolution
		HideSolutionNode = FALSE
	EndGlobalSection
	GlobalSection(ExtensibilityGlobals) = postSolution
		SolutionGuid = {D496B911-EF3D-4356-B6FE-806B50C8FE51}
	EndGlobalSection
EndGlobal
