
Microsoft Visual Studio Solution File, Format Version 12.00
# Visual Studio 15
VisualStudioVersion = 15.0.28307.572
MinimumVisualStudioVersion = 10.0.40219.1
Project("{FAE04EC0-301F-11D3-BF4B-00C04F79EFBC}") = "Drill26_dateTime", "Drill26_dateTime\Drill26_dateTime.csproj", "{A4E40F91-784E-4977-9291-E14346FB960F}"
EndProject
Global
	GlobalSection(SolutionConfigurationPlatforms) = preSolution
		Debug|Any CPU = Debug|Any CPU
		Release|Any CPU = Release|Any CPU
	EndGlobalSection
	GlobalSection(ProjectConfigurationPlatforms) = postSolution
		{A4E40F91-784E-4977-9291-E14346FB960F}.Debug|Any CPU.ActiveCfg = Debug|Any CPU
		{A4E40F91-784E-4977-9291-E14346FB960F}.Debug|Any CPU.Build.0 = Debug|Any CPU
		{A4E40F91-784E-4977-9291-E14346FB960F}.Release|Any CPU.ActiveCfg = Release|Any CPU
		{A4E40F91-784E-4977-9291-E14346FB960F}.Release|Any CPU.Build.0 = Release|Any CPU
	EndGlobalSection
	GlobalSection(SolutionProperties) = preSolution
		HideSolutionNode = FALSE
	EndGlobalSection
	GlobalSection(ExtensibilityGlobals) = postSolution
		SolutionGuid = {902E508C-E0F7-45B3-9CC0-7A0AC998C0B0}
	EndGlobalSection
EndGlobal
