
Microsoft Visual Studio Solution File, Format Version 12.00
# Visual Studio 15
VisualStudioVersion = 15.0.28307.572
MinimumVisualStudioVersion = 10.0.40219.1
Project("{FAE04EC0-301F-11D3-BF4B-00C04F79EFBC}") = "Drill4", "Drill4\Drill4.csproj", "{FAF081A5-DB32-4926-9FEC-19E0EE489DA5}"
EndProject
Global
	GlobalSection(SolutionConfigurationPlatforms) = preSolution
		Debug|Any CPU = Debug|Any CPU
		Release|Any CPU = Release|Any CPU
	EndGlobalSection
	GlobalSection(ProjectConfigurationPlatforms) = postSolution
		{FAF081A5-DB32-4926-9FEC-19E0EE489DA5}.Debug|Any CPU.ActiveCfg = Debug|Any CPU
		{FAF081A5-DB32-4926-9FEC-19E0EE489DA5}.Debug|Any CPU.Build.0 = Debug|Any CPU
		{FAF081A5-DB32-4926-9FEC-19E0EE489DA5}.Release|Any CPU.ActiveCfg = Release|Any CPU
		{FAF081A5-DB32-4926-9FEC-19E0EE489DA5}.Release|Any CPU.Build.0 = Release|Any CPU
	EndGlobalSection
	GlobalSection(SolutionProperties) = preSolution
		HideSolutionNode = FALSE
	EndGlobalSection
	GlobalSection(ExtensibilityGlobals) = postSolution
		SolutionGuid = {C0E01C20-3841-4AE2-ABFA-0A11A59003FC}
	EndGlobalSection
EndGlobal
